// !$*UTF8*$!
{
	archiveVersion = 1;
	classes = {
	};
	objectVersion = 55;
	objects = {

/* Begin PBXBuildFile section */
		8694801C28959347004229FB /* AppDelegate.swift in Sources */ = {isa = PBXBuildFile; fileRef = 8694801B28959347004229FB /* AppDelegate.swift */; };
		8694801E28959347004229FB /* SceneDelegate.swift in Sources */ = {isa = PBXBuildFile; fileRef = 8694801D28959347004229FB /* SceneDelegate.swift */; };
		8694802328959347004229FB /* SignIn.storyboard in Resources */ = {isa = PBXBuildFile; fileRef = 8694802128959347004229FB /* SignIn.storyboard */; };
		8694802528959348004229FB /* Assets.xcassets in Resources */ = {isa = PBXBuildFile; fileRef = 8694802428959348004229FB /* Assets.xcassets */; };
		8694802828959348004229FB /* LaunchScreen.storyboard in Resources */ = {isa = PBXBuildFile; fileRef = 8694802628959348004229FB /* LaunchScreen.storyboard */; };
		869480332895F604004229FB /* SignInVC.swift in Sources */ = {isa = PBXBuildFile; fileRef = 869480322895F604004229FB /* SignInVC.swift */; };
		86AFA4C7289894550051AAF1 /* CodeVerifVC.swift in Sources */ = {isa = PBXBuildFile; fileRef = 86AFA4C6289894550051AAF1 /* CodeVerifVC.swift */; };
		86AFA4C9289899720051AAF1 /* Main.storyboard in Resources */ = {isa = PBXBuildFile; fileRef = 86AFA4C8289899720051AAF1 /* Main.storyboard */; };
		86AFA4CF28989AAC0051AAF1 /* MainVC.swift in Sources */ = {isa = PBXBuildFile; fileRef = 86AFA4CE28989AAC0051AAF1 /* MainVC.swift */; };
		86AFA4D4289AF4480051AAF1 /* VerificationService.swift in Sources */ = {isa = PBXBuildFile; fileRef = 86AFA4D3289AF4480051AAF1 /* VerificationService.swift */; };
		86AFA4D8289B20A20051AAF1 /* UIViewControllerExtensions.swift in Sources */ = {isa = PBXBuildFile; fileRef = 86AFA4D7289B20A20051AAF1 /* UIViewControllerExtensions.swift */; };
		86AFA4DB289B317D0051AAF1 /* UserModel.swift in Sources */ = {isa = PBXBuildFile; fileRef = 86AFA4DA289B317D0051AAF1 /* UserModel.swift */; };
		86FF19882896F04300EB3608 /* SignUp.storyboard in Resources */ = {isa = PBXBuildFile; fileRef = 86FF19872896F04300EB3608 /* SignUp.storyboard */; };
		86FF198A2896F46A00EB3608 /* SignUpVC.swift in Sources */ = {isa = PBXBuildFile; fileRef = 86FF19892896F46A00EB3608 /* SignUpVC.swift */; };
/* End PBXBuildFile section */

/* Begin PBXFileReference section */
		8694801828959347004229FB /* RegistrationApp.app */ = {isa = PBXFileReference; explicitFileType = wrapper.application; includeInIndex = 0; path = RegistrationApp.app; sourceTree = BUILT_PRODUCTS_DIR; };
		8694801B28959347004229FB /* AppDelegate.swift */ = {isa = PBXFileReference; lastKnownFileType = sourcecode.swift; path = AppDelegate.swift; sourceTree = "<group>"; };
		8694801D28959347004229FB /* SceneDelegate.swift */ = {isa = PBXFileReference; lastKnownFileType = sourcecode.swift; path = SceneDelegate.swift; sourceTree = "<group>"; };
		8694802228959347004229FB /* Base */ = {isa = PBXFileReference; lastKnownFileType = file.storyboard; name = Base; path = Base.lproj/SignIn.storyboard; sourceTree = "<group>"; };
		8694802428959348004229FB /* Assets.xcassets */ = {isa = PBXFileReference; lastKnownFileType = folder.assetcatalog; path = Assets.xcassets; sourceTree = "<group>"; };
		8694802728959348004229FB /* Base */ = {isa = PBXFileReference; lastKnownFileType = file.storyboard; name = Base; path = Base.lproj/LaunchScreen.storyboard; sourceTree = "<group>"; };
		8694802928959348004229FB /* Info.plist */ = {isa = PBXFileReference; lastKnownFileType = text.plist.xml; path = Info.plist; sourceTree = "<group>"; };
		869480322895F604004229FB /* SignInVC.swift */ = {isa = PBXFileReference; lastKnownFileType = sourcecode.swift; name = SignInVC.swift; path = "RegistrationApp/Controllers/SignIn controllers/SignInVC.swift"; sourceTree = SOURCE_ROOT; };
		86AFA4C6289894550051AAF1 /* CodeVerifVC.swift */ = {isa = PBXFileReference; lastKnownFileType = sourcecode.swift; path = CodeVerifVC.swift; sourceTree = "<group>"; };
		86AFA4C8289899720051AAF1 /* Main.storyboard */ = {isa = PBXFileReference; lastKnownFileType = file.storyboard; path = Main.storyboard; sourceTree = "<group>"; };
		86AFA4CE28989AAC0051AAF1 /* MainVC.swift */ = {isa = PBXFileReference; lastKnownFileType = sourcecode.swift; path = MainVC.swift; sourceTree = "<group>"; };
		86AFA4D3289AF4480051AAF1 /* VerificationService.swift */ = {isa = PBXFileReference; lastKnownFileType = sourcecode.swift; path = VerificationService.swift; sourceTree = "<group>"; };
		86AFA4D7289B20A20051AAF1 /* UIViewControllerExtensions.swift */ = {isa = PBXFileReference; lastKnownFileType = sourcecode.swift; path = UIViewControllerExtensions.swift; sourceTree = "<group>"; };
		86AFA4DA289B317D0051AAF1 /* UserModel.swift */ = {isa = PBXFileReference; lastKnownFileType = sourcecode.swift; path = UserModel.swift; sourceTree = "<group>"; };
		86FF19872896F04300EB3608 /* SignUp.storyboard */ = {isa = PBXFileReference; lastKnownFileType = file.storyboard; path = SignUp.storyboard; sourceTree = "<group>"; };
		86FF19892896F46A00EB3608 /* SignUpVC.swift */ = {isa = PBXFileReference; lastKnownFileType = sourcecode.swift; path = SignUpVC.swift; sourceTree = "<group>"; };
/* End PBXFileReference section */

/* Begin PBXFrameworksBuildPhase section */
		8694801528959347004229FB /* Frameworks */ = {
			isa = PBXFrameworksBuildPhase;
			buildActionMask = 2147483647;
			files = (
			);
			runOnlyForDeploymentPostprocessing = 0;
		};
/* End PBXFrameworksBuildPhase section */

/* Begin PBXGroup section */
		8694800F28959347004229FB = {
			isa = PBXGroup;
			children = (
				8694801A28959347004229FB /* RegistrationApp */,
				8694801928959347004229FB /* Products */,
			);
			sourceTree = "<group>";
		};
		8694801928959347004229FB /* Products */ = {
			isa = PBXGroup;
			children = (
				8694801828959347004229FB /* RegistrationApp.app */,
			);
			name = Products;
			sourceTree = "<group>";
		};
		8694801A28959347004229FB /* RegistrationApp */ = {
			isa = PBXGroup;
			children = (
				86AFA4D9289B31720051AAF1 /* Model */,
				86AFA4D0289AF40C0051AAF1 /* Services */,
				869480302895A51B004229FB /* Controllers */,
				86AFA4D6289B206A0051AAF1 /* Extensions */,
				869480312895A538004229FB /* Views */,
				8694802F2895A516004229FB /* Delegates */,
				8694802428959348004229FB /* Assets.xcassets */,
				8694802928959348004229FB /* Info.plist */,
			);
			path = RegistrationApp;
			sourceTree = "<group>";
		};
		8694802F2895A516004229FB /* Delegates */ = {
			isa = PBXGroup;
			children = (
				8694801B28959347004229FB /* AppDelegate.swift */,
				8694801D28959347004229FB /* SceneDelegate.swift */,
			);
			path = Delegates;
			sourceTree = "<group>";
		};
		869480302895A51B004229FB /* Controllers */ = {
			isa = PBXGroup;
			children = (
				86AFA4CE28989AAC0051AAF1 /* MainVC.swift */,
				86AFA4C3289893590051AAF1 /* SignIn controllers */,
				86AFA4C22898932B0051AAF1 /* SignUp controllers */,
			);
			path = Controllers;
			sourceTree = "<group>";
		};
		869480312895A538004229FB /* Views */ = {
			isa = PBXGroup;
			children = (
				8694802128959347004229FB /* SignIn.storyboard */,
				86FF19872896F04300EB3608 /* SignUp.storyboard */,
				8694802628959348004229FB /* LaunchScreen.storyboard */,
				86AFA4C8289899720051AAF1 /* Main.storyboard */,
			);
			path = Views;
			sourceTree = "<group>";
		};
		86AFA4C22898932B0051AAF1 /* SignUp controllers */ = {
			isa = PBXGroup;
			children = (
				86FF19892896F46A00EB3608 /* SignUpVC.swift */,
				86AFA4C6289894550051AAF1 /* CodeVerifVC.swift */,
			);
			path = "SignUp controllers";
			sourceTree = "<group>";
		};
		86AFA4C3289893590051AAF1 /* SignIn controllers */ = {
			isa = PBXGroup;
			children = (
				869480322895F604004229FB /* SignInVC.swift */,
			);
			path = "SignIn controllers";
			sourceTree = "<group>";
		};
		86AFA4D0289AF40C0051AAF1 /* Services */ = {
			isa = PBXGroup;
			children = (
				86AFA4D3289AF4480051AAF1 /* VerificationService.swift */,
			);
			path = Services;
			sourceTree = "<group>";
		};
		86AFA4D6289B206A0051AAF1 /* Extensions */ = {
			isa = PBXGroup;
			children = (
				86AFA4D7289B20A20051AAF1 /* UIViewControllerExtensions.swift */,
			);
			path = Extensions;
			sourceTree = "<group>";
		};
		86AFA4D9289B31720051AAF1 /* Model */ = {
			isa = PBXGroup;
			children = (
				86AFA4DA289B317D0051AAF1 /* UserModel.swift */,
			);
			path = Model;
			sourceTree = "<group>";
		};
/* End PBXGroup section */

/* Begin PBXNativeTarget section */
		8694801728959347004229FB /* RegistrationApp */ = {
			isa = PBXNativeTarget;
			buildConfigurationList = 8694802C28959348004229FB /* Build configuration list for PBXNativeTarget "RegistrationApp" */;
			buildPhases = (
				8694801428959347004229FB /* Sources */,
				8694801528959347004229FB /* Frameworks */,
				8694801628959347004229FB /* Resources */,
			);
			buildRules = (
			);
			dependencies = (
			);
			name = RegistrationApp;
			productName = RegistrationApp;
			productReference = 8694801828959347004229FB /* RegistrationApp.app */;
			productType = "com.apple.product-type.application";
		};
/* End PBXNativeTarget section */

/* Begin PBXProject section */
		8694801028959347004229FB /* Project object */ = {
			isa = PBXProject;
			attributes = {
				BuildIndependentTargetsInParallel = 1;
				LastSwiftUpdateCheck = 1340;
				LastUpgradeCheck = 1340;
				TargetAttributes = {
					8694801728959347004229FB = {
						CreatedOnToolsVersion = 13.4.1;
					};
				};
			};
			buildConfigurationList = 8694801328959347004229FB /* Build configuration list for PBXProject "RegistrationApp" */;
			compatibilityVersion = "Xcode 13.0";
			developmentRegion = en;
			hasScannedForEncodings = 0;
			knownRegions = (
				en,
				Base,
			);
			mainGroup = 8694800F28959347004229FB;
			productRefGroup = 8694801928959347004229FB /* Products */;
			projectDirPath = "";
			projectRoot = "";
			targets = (
				8694801728959347004229FB /* RegistrationApp */,
			);
		};
/* End PBXProject section */

/* Begin PBXResourcesBuildPhase section */
		8694801628959347004229FB /* Resources */ = {
			isa = PBXResourcesBuildPhase;
			buildActionMask = 2147483647;
			files = (
				8694802828959348004229FB /* LaunchScreen.storyboard in Resources */,
				86AFA4C9289899720051AAF1 /* Main.storyboard in Resources */,
				8694802528959348004229FB /* Assets.xcassets in Resources */,
				86FF19882896F04300EB3608 /* SignUp.storyboard in Resources */,
				8694802328959347004229FB /* SignIn.storyboard in Resources */,
			);
			runOnlyForDeploymentPostprocessing = 0;
		};
/* End PBXResourcesBuildPhase section */

/* Begin PBXSourcesBuildPhase section */
		8694801428959347004229FB /* Sources */ = {
			isa = PBXSourcesBuildPhase;
			buildActionMask = 2147483647;
			files = (
				86AFA4D8289B20A20051AAF1 /* UIViewControllerExtensions.swift in Sources */,
				86AFA4D4289AF4480051AAF1 /* VerificationService.swift in Sources */,
				86FF198A2896F46A00EB3608 /* SignUpVC.swift in Sources */,
				86AFA4CF28989AAC0051AAF1 /* MainVC.swift in Sources */,
				8694801C28959347004229FB /* AppDelegate.swift in Sources */,
				869480332895F604004229FB /* SignInVC.swift in Sources */,
				86AFA4C7289894550051AAF1 /* CodeVerifVC.swift in Sources */,
				86AFA4DB289B317D0051AAF1 /* UserModel.swift in Sources */,
				8694801E28959347004229FB /* SceneDelegate.swift in Sources */,
			);
			runOnlyForDeploymentPostprocessing = 0;
		};
/* End PBXSourcesBuildPhase section */

/* Begin PBXVariantGroup section */
		8694802128959347004229FB /* SignIn.storyboard */ = {
			isa = PBXVariantGroup;
			children = (
				8694802228959347004229FB /* Base */,
			);
			name = SignIn.storyboard;
			sourceTree = "<group>";
		};
		8694802628959348004229FB /* LaunchScreen.storyboard */ = {
			isa = PBXVariantGroup;
			children = (
				8694802728959348004229FB /* Base */,
			);
			name = LaunchScreen.storyboard;
			sourceTree = "<group>";
		};
/* End PBXVariantGroup section */

/* Begin XCBuildConfiguration section */
		8694802A28959348004229FB /* Debug */ = {
			isa = XCBuildConfiguration;
			buildSettings = {
				ALWAYS_SEARCH_USER_PATHS = NO;
				CLANG_ANALYZER_NONNULL = YES;
				CLANG_ANALYZER_NUMBER_OBJECT_CONVERSION = YES_AGGRESSIVE;
				CLANG_CXX_LANGUAGE_STANDARD = "gnu++17";
				CLANG_ENABLE_MODULES = YES;
				CLANG_ENABLE_OBJC_ARC = YES;
				CLANG_ENABLE_OBJC_WEAK = YES;
				CLANG_WARN_BLOCK_CAPTURE_AUTORELEASING = YES;
				CLANG_WARN_BOOL_CONVERSION = YES;
				CLANG_WARN_COMMA = YES;
				CLANG_WARN_CONSTANT_CONVERSION = YES;
				CLANG_WARN_DEPRECATED_OBJC_IMPLEMENTATIONS = YES;
				CLANG_WARN_DIRECT_OBJC_ISA_USAGE = YES_ERROR;
				CLANG_WARN_DOCUMENTATION_COMMENTS = YES;
				CLANG_WARN_EMPTY_BODY = YES;
				CLANG_WARN_ENUM_CONVERSION = YES;
				CLANG_WARN_INFINITE_RECURSION = YES;
				CLANG_WARN_INT_CONVERSION = YES;
				CLANG_WARN_NON_LITERAL_NULL_CONVERSION = YES;
				CLANG_WARN_OBJC_IMPLICIT_RETAIN_SELF = YES;
				CLANG_WARN_OBJC_LITERAL_CONVERSION = YES;
				CLANG_WARN_OBJC_ROOT_CLASS = YES_ERROR;
				CLANG_WARN_QUOTED_INCLUDE_IN_FRAMEWORK_HEADER = YES;
				CLANG_WARN_RANGE_LOOP_ANALYSIS = YES;
				CLANG_WARN_STRICT_PROTOTYPES = YES;
				CLANG_WARN_SUSPICIOUS_MOVE = YES;
				CLANG_WARN_UNGUARDED_AVAILABILITY = YES_AGGRESSIVE;
				CLANG_WARN_UNREACHABLE_CODE = YES;
				CLANG_WARN__DUPLICATE_METHOD_MATCH = YES;
				COPY_PHASE_STRIP = NO;
				DEBUG_INFORMATION_FORMAT = dwarf;
				ENABLE_STRICT_OBJC_MSGSEND = YES;
				ENABLE_TESTABILITY = YES;
				GCC_C_LANGUAGE_STANDARD = gnu11;
				GCC_DYNAMIC_NO_PIC = NO;
				GCC_NO_COMMON_BLOCKS = YES;
				GCC_OPTIMIZATION_LEVEL = 0;
				GCC_PREPROCESSOR_DEFINITIONS = (
					"DEBUG=1",
					"$(inherited)",
				);
				GCC_WARN_64_TO_32_BIT_CONVERSION = YES;
				GCC_WARN_ABOUT_RETURN_TYPE = YES_ERROR;
				GCC_WARN_UNDECLARED_SELECTOR = YES;
				GCC_WARN_UNINITIALIZED_AUTOS = YES_AGGRESSIVE;
				GCC_WARN_UNUSED_FUNCTION = YES;
				GCC_WARN_UNUSED_VARIABLE = YES;
				IPHONEOS_DEPLOYMENT_TARGET = 15.5;
				MTL_ENABLE_DEBUG_INFO = INCLUDE_SOURCE;
				MTL_FAST_MATH = YES;
				ONLY_ACTIVE_ARCH = YES;
				SDKROOT = iphoneos;
				SWIFT_ACTIVE_COMPILATION_CONDITIONS = DEBUG;
				SWIFT_OPTIMIZATION_LEVEL = "-Onone";
			};
			name = Debug;
		};
		8694802B28959348004229FB /* Release */ = {
			isa = XCBuildConfiguration;
			buildSettings = {
				ALWAYS_SEARCH_USER_PATHS = NO;
				CLANG_ANALYZER_NONNULL = YES;
				CLANG_ANALYZER_NUMBER_OBJECT_CONVERSION = YES_AGGRESSIVE;
				CLANG_CXX_LANGUAGE_STANDARD = "gnu++17";
				CLANG_ENABLE_MODULES = YES;
				CLANG_ENABLE_OBJC_ARC = YES;
				CLANG_ENABLE_OBJC_WEAK = YES;
				CLANG_WARN_BLOCK_CAPTURE_AUTORELEASING = YES;
				CLANG_WARN_BOOL_CONVERSION = YES;
				CLANG_WARN_COMMA = YES;
				CLANG_WARN_CONSTANT_CONVERSION = YES;
				CLANG_WARN_DEPRECATED_OBJC_IMPLEMENTATIONS = YES;
				CLANG_WARN_DIRECT_OBJC_ISA_USAGE = YES_ERROR;
				CLANG_WARN_DOCUMENTATION_COMMENTS = YES;
				CLANG_WARN_EMPTY_BODY = YES;
				CLANG_WARN_ENUM_CONVERSION = YES;
				CLANG_WARN_INFINITE_RECURSION = YES;
				CLANG_WARN_INT_CONVERSION = YES;
				CLANG_WARN_NON_LITERAL_NULL_CONVERSION = YES;
				CLANG_WARN_OBJC_IMPLICIT_RETAIN_SELF = YES;
				CLANG_WARN_OBJC_LITERAL_CONVERSION = YES;
				CLANG_WARN_OBJC_ROOT_CLASS = YES_ERROR;
				CLANG_WARN_QUOTED_INCLUDE_IN_FRAMEWORK_HEADER = YES;
				CLANG_WARN_RANGE_LOOP_ANALYSIS = YES;
				CLANG_WARN_STRICT_PROTOTYPES = YES;
				CLANG_WARN_SUSPICIOUS_MOVE = YES;
				CLANG_WARN_UNGUARDED_AVAILABILITY = YES_AGGRESSIVE;
				CLANG_WARN_UNREACHABLE_CODE = YES;
				CLANG_WARN__DUPLICATE_METHOD_MATCH = YES;
				COPY_PHASE_STRIP = NO;
				DEBUG_INFORMATION_FORMAT = "dwarf-with-dsym";
				ENABLE_NS_ASSERTIONS = NO;
				ENABLE_STRICT_OBJC_MSGSEND = YES;
				GCC_C_LANGUAGE_STANDARD = gnu11;
				GCC_NO_COMMON_BLOCKS = YES;
				GCC_WARN_64_TO_32_BIT_CONVERSION = YES;
				GCC_WARN_ABOUT_RETURN_TYPE = YES_ERROR;
				GCC_WARN_UNDECLARED_SELECTOR = YES;
				GCC_WARN_UNINITIALIZED_AUTOS = YES_AGGRESSIVE;
				GCC_WARN_UNUSED_FUNCTION = YES;
				GCC_WARN_UNUSED_VARIABLE = YES;
				IPHONEOS_DEPLOYMENT_TARGET = 15.5;
				MTL_ENABLE_DEBUG_INFO = NO;
				MTL_FAST_MATH = YES;
				SDKROOT = iphoneos;
				SWIFT_COMPILATION_MODE = wholemodule;
				SWIFT_OPTIMIZATION_LEVEL = "-O";
				VALIDATE_PRODUCT = YES;
			};
			name = Release;
		};
		8694802D28959348004229FB /* Debug */ = {
			isa = XCBuildConfiguration;
			buildSettings = {
				ASSETCATALOG_COMPILER_APPICON_NAME = AppIcon;
				ASSETCATALOG_COMPILER_GLOBAL_ACCENT_COLOR_NAME = AccentColor;
				CODE_SIGN_STYLE = Automatic;
				CURRENT_PROJECT_VERSION = 1;
				DEVELOPMENT_TEAM = 93CY94Z655;
				GENERATE_INFOPLIST_FILE = YES;
				INFOPLIST_FILE = RegistrationApp/Info.plist;
				INFOPLIST_KEY_UIApplicationSupportsIndirectInputEvents = YES;
				INFOPLIST_KEY_UILaunchStoryboardName = LaunchScreen;
				INFOPLIST_KEY_UIMainStoryboardFile = SignUp;
				INFOPLIST_KEY_UISupportedInterfaceOrientations_iPad = "UIInterfaceOrientationPortrait UIInterfaceOrientationPortraitUpsideDown UIInterfaceOrientationLandscapeLeft UIInterfaceOrientationLandscapeRight";
				INFOPLIST_KEY_UISupportedInterfaceOrientations_iPhone = "UIInterfaceOrientationPortrait UIInterfaceOrientationLandscapeLeft UIInterfaceOrientationLandscapeRight";
				LD_RUNPATH_SEARCH_PATHS = (
					"$(inherited)",
					"@executable_path/Frameworks",
				);
				MARKETING_VERSION = 1.0;
				PRODUCT_BUNDLE_IDENTIFIER = by.regapp.RegistrationApp;
				PRODUCT_NAME = "$(TARGET_NAME)";
				SWIFT_EMIT_LOC_STRINGS = YES;
				SWIFT_VERSION = 5.0;
				TARGETED_DEVICE_FAMILY = 1;
			};
			name = Debug;
		};
		8694802E28959348004229FB /* Release */ = {
			isa = XCBuildConfiguration;
			buildSettings = {
				ASSETCATALOG_COMPILER_APPICON_NAME = AppIcon;
				ASSETCATALOG_COMPILER_GLOBAL_ACCENT_COLOR_NAME = AccentColor;
				CODE_SIGN_STYLE = Automatic;
				CURRENT_PROJECT_VERSION = 1;
				DEVELOPMENT_TEAM = 93CY94Z655;
				GENERATE_INFOPLIST_FILE = YES;
				INFOPLIST_FILE = RegistrationApp/Info.plist;
				INFOPLIST_KEY_UIApplicationSupportsIndirectInputEvents = YES;
				INFOPLIST_KEY_UILaunchStoryboardName = LaunchScreen;
				INFOPLIST_KEY_UIMainStoryboardFile = SignUp;
				INFOPLIST_KEY_UISupportedInterfaceOrientations_iPad = "UIInterfaceOrientationPortrait UIInterfaceOrientationPortraitUpsideDown UIInterfaceOrientationLandscapeLeft UIInterfaceOrientationLandscapeRight";
				INFOPLIST_KEY_UISupportedInterfaceOrientations_iPhone = "UIInterfaceOrientationPortrait UIInterfaceOrientationLandscapeLeft UIInterfaceOrientationLandscapeRight";
				LD_RUNPATH_SEARCH_PATHS = (
					"$(inherited)",
					"@executable_path/Frameworks",
				);
				MARKETING_VERSION = 1.0;
				PRODUCT_BUNDLE_IDENTIFIER = by.regapp.RegistrationApp;
				PRODUCT_NAME = "$(TARGET_NAME)";
				SWIFT_EMIT_LOC_STRINGS = YES;
				SWIFT_VERSION = 5.0;
				TARGETED_DEVICE_FAMILY = 1;
			};
			name = Release;
		};
/* End XCBuildConfiguration section */

/* Begin XCConfigurationList section */
		8694801328959347004229FB /* Build configuration list for PBXProject "RegistrationApp" */ = {
			isa = XCConfigurationList;
			buildConfigurations = (
				8694802A28959348004229FB /* Debug */,
				8694802B28959348004229FB /* Release */,
			);
			defaultConfigurationIsVisible = 0;
			defaultConfigurationName = Release;
		};
		8694802C28959348004229FB /* Build configuration list for PBXNativeTarget "RegistrationApp" */ = {
			isa = XCConfigurationList;
			buildConfigurations = (
				8694802D28959348004229FB /* Debug */,
				8694802E28959348004229FB /* Release */,
			);
			defaultConfigurationIsVisible = 0;
			defaultConfigurationName = Release;
		};
/* End XCConfigurationList section */
	};
	rootObject = 8694801028959347004229FB /* Project object */;
}
